
Microsoft Visual Studio Solution File, Format Version 12.00
# Visual Studio Version 16
VisualStudioVersion = 16.0.30413.136
MinimumVisualStudioVersion = 10.0.40219.1
Project("{888888A0-9F3D-457C-B088-3A5042F75D52}") = "TP_Chimie_Borax", "TP_Chimie_Borax.pyproj", "{805F977E-107D-43DE-9D52-314BE6D4D699}"
EndProject
Global
	GlobalSection(SolutionConfigurationPlatforms) = preSolution
		Debug|Any CPU = Debug|Any CPU
		Release|Any CPU = Release|Any CPU
	EndGlobalSection
	GlobalSection(ProjectConfigurationPlatforms) = postSolution
		{805F977E-107D-43DE-9D52-314BE6D4D699}.Debug|Any CPU.ActiveCfg = Debug|Any CPU
		{805F977E-107D-43DE-9D52-314BE6D4D699}.Release|Any CPU.ActiveCfg = Release|Any CPU
	EndGlobalSection
	GlobalSection(SolutionProperties) = preSolution
		HideSolutionNode = FALSE
	EndGlobalSection
	GlobalSection(ExtensibilityGlobals) = postSolution
		SolutionGuid = {4AAAAFAD-5310-4595-8445-3FA1218D3D38}
	EndGlobalSection
EndGlobal
